
Microsoft Visual Studio Solution File, Format Version 12.00
# Visual Studio Version 16
VisualStudioVersion = 16.0.29926.136
MinimumVisualStudioVersion = 10.0.40219.1
Project("{9092AA53-FB77-4645-B42D-1CCCA6BD08BD}") = "ThailandGeoMap-Hex", "ThailandGeoMap-Hex\ThailandGeoMap-Hex.njsproj", "{29A4675D-5B71-4152-B8E8-A668DE737D36}"
EndProject
Global
	GlobalSection(SolutionConfigurationPlatforms) = preSolution
		Debug|Any CPU = Debug|Any CPU
		Release|Any CPU = Release|Any CPU
	EndGlobalSection
	GlobalSection(ProjectConfigurationPlatforms) = postSolution
		{29A4675D-5B71-4152-B8E8-A668DE737D36}.Debug|Any CPU.ActiveCfg = Debug|Any CPU
		{29A4675D-5B71-4152-B8E8-A668DE737D36}.Debug|Any CPU.Build.0 = Debug|Any CPU
		{29A4675D-5B71-4152-B8E8-A668DE737D36}.Release|Any CPU.ActiveCfg = Release|Any CPU
		{29A4675D-5B71-4152-B8E8-A668DE737D36}.Release|Any CPU.Build.0 = Release|Any CPU
	EndGlobalSection
	GlobalSection(SolutionProperties) = preSolution
		HideSolutionNode = FALSE
	EndGlobalSection
	GlobalSection(ExtensibilityGlobals) = postSolution
		SolutionGuid = {391B518E-4612-4554-98C8-7D9688FF81EC}
	EndGlobalSection
EndGlobal
